// !$*UTF8*$!
{
	archiveVersion = 1;
	classes = {
	};
	objectVersion = 50;
	objects = {

/* Begin PBXBuildFile section */
		D227663B2ACFF72C000391AD /* AppDelegate.swift in Sources */ = {isa = PBXBuildFile; fileRef = D227663A2ACFF72C000391AD /* AppDelegate.swift */; };
		D227663D2ACFF72C000391AD /* SceneDelegate.swift in Sources */ = {isa = PBXBuildFile; fileRef = D227663C2ACFF72C000391AD /* SceneDelegate.swift */; };
		D227663F2ACFF72C000391AD /* ViewController.swift in Sources */ = {isa = PBXBuildFile; fileRef = D227663E2ACFF72C000391AD /* ViewController.swift */; };
		D22766422ACFF72C000391AD /* Main.storyboard in Resources */ = {isa = PBXBuildFile; fileRef = D22766402ACFF72C000391AD /* Main.storyboard */; };
		D22766442ACFF72E000391AD /* Assets.xcassets in Resources */ = {isa = PBXBuildFile; fileRef = D22766432ACFF72E000391AD /* Assets.xcassets */; };
		D22766472ACFF72E000391AD /* LaunchScreen.storyboard in Resources */ = {isa = PBXBuildFile; fileRef = D22766452ACFF72E000391AD /* LaunchScreen.storyboard */; };
		D22766522ACFF72E000391AD /* animationTests.swift in Sources */ = {isa = PBXBuildFile; fileRef = D22766512ACFF72E000391AD /* animationTests.swift */; };
		D227665D2ACFF72E000391AD /* animationUITests.swift in Sources */ = {isa = PBXBuildFile; fileRef = D227665C2ACFF72E000391AD /* animationUITests.swift */; };
/* End PBXBuildFile section */

/* Begin PBXContainerItemProxy section */
		D227664E2ACFF72E000391AD /* PBXContainerItemProxy */ = {
			isa = PBXContainerItemProxy;
			containerPortal = D227662F2ACFF72B000391AD /* Project object */;
			proxyType = 1;
			remoteGlobalIDString = D22766362ACFF72C000391AD;
			remoteInfo = animation;
		};
		D22766592ACFF72E000391AD /* PBXContainerItemProxy */ = {
			isa = PBXContainerItemProxy;
			containerPortal = D227662F2ACFF72B000391AD /* Project object */;
			proxyType = 1;
			remoteGlobalIDString = D22766362ACFF72C000391AD;
			remoteInfo = animation;
		};
/* End PBXContainerItemProxy section */

/* Begin PBXFileReference section */
		D22766372ACFF72C000391AD /* animation.app */ = {isa = PBXFileReference; explicitFileType = wrapper.application; includeInIndex = 0; path = animation.app; sourceTree = BUILT_PRODUCTS_DIR; };
		D227663A2ACFF72C000391AD /* AppDelegate.swift */ = {isa = PBXFileReference; lastKnownFileType = sourcecode.swift; path = AppDelegate.swift; sourceTree = "<group>"; };
		D227663C2ACFF72C000391AD /* SceneDelegate.swift */ = {isa = PBXFileReference; lastKnownFileType = sourcecode.swift; path = SceneDelegate.swift; sourceTree = "<group>"; };
		D227663E2ACFF72C000391AD /* ViewController.swift */ = {isa = PBXFileReference; lastKnownFileType = sourcecode.swift; path = ViewController.swift; sourceTree = "<group>"; };
		D22766412ACFF72C000391AD /* Base */ = {isa = PBXFileReference; lastKnownFileType = file.storyboard; name = Base; path = Base.lproj/Main.storyboard; sourceTree = "<group>"; };
		D22766432ACFF72E000391AD /* Assets.xcassets */ = {isa = PBXFileReference; lastKnownFileType = folder.assetcatalog; path = Assets.xcassets; sourceTree = "<group>"; };
		D22766462ACFF72E000391AD /* Base */ = {isa = PBXFileReference; lastKnownFileType = file.storyboard; name = Base; path = Base.lproj/LaunchScreen.storyboard; sourceTree = "<group>"; };
		D22766482ACFF72E000391AD /* Info.plist */ = {isa = PBXFileReference; lastKnownFileType = text.plist.xml; path = Info.plist; sourceTree = "<group>"; };
		D227664D2ACFF72E000391AD /* animationTests.xctest */ = {isa = PBXFileReference; explicitFileType = wrapper.cfbundle; includeInIndex = 0; path = animationTests.xctest; sourceTree = BUILT_PRODUCTS_DIR; };
		D22766512ACFF72E000391AD /* animationTests.swift */ = {isa = PBXFileReference; lastKnownFileType = sourcecode.swift; path = animationTests.swift; sourceTree = "<group>"; };
		D22766532ACFF72E000391AD /* Info.plist */ = {isa = PBXFileReference; lastKnownFileType = text.plist.xml; path = Info.plist; sourceTree = "<group>"; };
		D22766582ACFF72E000391AD /* animationUITests.xctest */ = {isa = PBXFileReference; explicitFileType = wrapper.cfbundle; includeInIndex = 0; path = animationUITests.xctest; sourceTree = BUILT_PRODUCTS_DIR; };
		D227665C2ACFF72E000391AD /* animationUITests.swift */ = {isa = PBXFileReference; lastKnownFileType = sourcecode.swift; path = animationUITests.swift; sourceTree = "<group>"; };
		D227665E2ACFF72E000391AD /* Info.plist */ = {isa = PBXFileReference; lastKnownFileType = text.plist.xml; path = Info.plist; sourceTree = "<group>"; };
/* End PBXFileReference section */

/* Begin PBXFrameworksBuildPhase section */
		D22766342ACFF72C000391AD /* Frameworks */ = {
			isa = PBXFrameworksBuildPhase;
			buildActionMask = 2147483647;
			files = (
			);
			runOnlyForDeploymentPostprocessing = 0;
		};
		D227664A2ACFF72E000391AD /* Frameworks */ = {
			isa = PBXFrameworksBuildPhase;
			buildActionMask = 2147483647;
			files = (
			);
			runOnlyForDeploymentPostprocessing = 0;
		};
		D22766552ACFF72E000391AD /* Frameworks */ = {
			isa = PBXFrameworksBuildPhase;
			buildActionMask = 2147483647;
			files = (
			);
			runOnlyForDeploymentPostprocessing = 0;
		};
/* End PBXFrameworksBuildPhase section */

/* Begin PBXGroup section */
		D227662E2ACFF72B000391AD = {
			isa = PBXGroup;
			children = (
				D22766392ACFF72C000391AD /* animation */,
				D22766502ACFF72E000391AD /* animationTests */,
				D227665B2ACFF72E000391AD /* animationUITests */,
				D22766382ACFF72C000391AD /* Products */,
			);
			sourceTree = "<group>";
		};
		D22766382ACFF72C000391AD /* Products */ = {
			isa = PBXGroup;
			children = (
				D22766372ACFF72C000391AD /* animation.app */,
				D227664D2ACFF72E000391AD /* animationTests.xctest */,
				D22766582ACFF72E000391AD /* animationUITests.xctest */,
			);
			name = Products;
			sourceTree = "<group>";
		};
		D22766392ACFF72C000391AD /* animation */ = {
			isa = PBXGroup;
			children = (
				D227663A2ACFF72C000391AD /* AppDelegate.swift */,
				D227663C2ACFF72C000391AD /* SceneDelegate.swift */,
				D227663E2ACFF72C000391AD /* ViewController.swift */,
				D22766402ACFF72C000391AD /* Main.storyboard */,
				D22766432ACFF72E000391AD /* Assets.xcassets */,
				D22766452ACFF72E000391AD /* LaunchScreen.storyboard */,
				D22766482ACFF72E000391AD /* Info.plist */,
			);
			path = animation;
			sourceTree = "<group>";
		};
		D22766502ACFF72E000391AD /* animationTests */ = {
			isa = PBXGroup;
			children = (
				D22766512ACFF72E000391AD /* animationTests.swift */,
				D22766532ACFF72E000391AD /* Info.plist */,
			);
			path = animationTests;
			sourceTree = "<group>";
		};
		D227665B2ACFF72E000391AD /* animationUITests */ = {
			isa = PBXGroup;
			children = (
				D227665C2ACFF72E000391AD /* animationUITests.swift */,
				D227665E2ACFF72E000391AD /* Info.plist */,
			);
			path = animationUITests;
			sourceTree = "<group>";
		};
/* End PBXGroup section */

/* Begin PBXNativeTarget section */
		D22766362ACFF72C000391AD /* animation */ = {
			isa = PBXNativeTarget;
			buildConfigurationList = D22766612ACFF72E000391AD /* Build configuration list for PBXNativeTarget "animation" */;
			buildPhases = (
				D22766332ACFF72C000391AD /* Sources */,
				D22766342ACFF72C000391AD /* Frameworks */,
				D22766352ACFF72C000391AD /* Resources */,
			);
			buildRules = (
			);
			dependencies = (
			);
			name = animation;
			productName = animation;
			productReference = D22766372ACFF72C000391AD /* animation.app */;
			productType = "com.apple.product-type.application";
		};
		D227664C2ACFF72E000391AD /* animationTests */ = {
			isa = PBXNativeTarget;
			buildConfigurationList = D22766642ACFF72E000391AD /* Build configuration list for PBXNativeTarget "animationTests" */;
			buildPhases = (
				D22766492ACFF72E000391AD /* Sources */,
				D227664A2ACFF72E000391AD /* Frameworks */,
				D227664B2ACFF72E000391AD /* Resources */,
			);
			buildRules = (
			);
			dependencies = (
				D227664F2ACFF72E000391AD /* PBXTargetDependency */,
			);
			name = animationTests;
			productName = animationTests;
			productReference = D227664D2ACFF72E000391AD /* animationTests.xctest */;
			productType = "com.apple.product-type.bundle.unit-test";
		};
		D22766572ACFF72E000391AD /* animationUITests */ = {
			isa = PBXNativeTarget;
			buildConfigurationList = D22766672ACFF72E000391AD /* Build configuration list for PBXNativeTarget "animationUITests" */;
			buildPhases = (
				D22766542ACFF72E000391AD /* Sources */,
				D22766552ACFF72E000391AD /* Frameworks */,
				D22766562ACFF72E000391AD /* Resources */,
			);
			buildRules = (
			);
			dependencies = (
				D227665A2ACFF72E000391AD /* PBXTargetDependency */,
			);
			name = animationUITests;
			productName = animationUITests;
			productReference = D22766582ACFF72E000391AD /* animationUITests.xctest */;
			productType = "com.apple.product-type.bundle.ui-testing";
		};
/* End PBXNativeTarget section */

/* Begin PBXProject section */
		D227662F2ACFF72B000391AD /* Project object */ = {
			isa = PBXProject;
			attributes = {
				LastSwiftUpdateCheck = 1130;
				LastUpgradeCheck = 1130;
				ORGANIZATIONNAME = irohub;
				TargetAttributes = {
					D22766362ACFF72C000391AD = {
						CreatedOnToolsVersion = 11.3.1;
					};
					D227664C2ACFF72E000391AD = {
						CreatedOnToolsVersion = 11.3.1;
						TestTargetID = D22766362ACFF72C000391AD;
					};
					D22766572ACFF72E000391AD = {
						CreatedOnToolsVersion = 11.3.1;
						TestTargetID = D22766362ACFF72C000391AD;
					};
				};
			};
			buildConfigurationList = D22766322ACFF72B000391AD /* Build configuration list for PBXProject "animation" */;
			compatibilityVersion = "Xcode 9.3";
			developmentRegion = en;
			hasScannedForEncodings = 0;
			knownRegions = (
				en,
				Base,
			);
			mainGroup = D227662E2ACFF72B000391AD;
			productRefGroup = D22766382ACFF72C000391AD /* Products */;
			projectDirPath = "";
			projectRoot = "";
			targets = (
				D22766362ACFF72C000391AD /* animation */,
				D227664C2ACFF72E000391AD /* animationTests */,
				D22766572ACFF72E000391AD /* animationUITests */,
			);
		};
/* End PBXProject section */

/* Begin PBXResourcesBuildPhase section */
		D22766352ACFF72C000391AD /* Resources */ = {
			isa = PBXResourcesBuildPhase;
			buildActionMask = 2147483647;
			files = (
				D22766472ACFF72E000391AD /* LaunchScreen.storyboard in Resources */,
				D22766442ACFF72E000391AD /* Assets.xcassets in Resources */,
				D22766422ACFF72C000391AD /* Main.storyboard in Resources */,
			);
			runOnlyForDeploymentPostprocessing = 0;
		};
		D227664B2ACFF72E000391AD /* Resources */ = {
			isa = PBXResourcesBuildPhase;
			buildActionMask = 2147483647;
			files = (
			);
			runOnlyForDeploymentPostprocessing = 0;
		};
		D22766562ACFF72E000391AD /* Resources */ = {
			isa = PBXResourcesBuildPhase;
			buildActionMask = 2147483647;
			files = (
			);
			runOnlyForDeploymentPostprocessing = 0;
		};
/* End PBXResourcesBuildPhase section */

/* Begin PBXSourcesBuildPhase section */
		D22766332ACFF72C000391AD /* Sources */ = {
			isa = PBXSourcesBuildPhase;
			buildActionMask = 2147483647;
			files = (
				D227663F2ACFF72C000391AD /* ViewController.swift in Sources */,
				D227663B2ACFF72C000391AD /* AppDelegate.swift in Sources */,
				D227663D2ACFF72C000391AD /* SceneDelegate.swift in Sources */,
			);
			runOnlyForDeploymentPostprocessing = 0;
		};
		D22766492ACFF72E000391AD /* Sources */ = {
			isa = PBXSourcesBuildPhase;
			buildActionMask = 2147483647;
			files = (
				D22766522ACFF72E000391AD /* animationTests.swift in Sources */,
			);
			runOnlyForDeploymentPostprocessing = 0;
		};
		D22766542ACFF72E000391AD /* Sources */ = {
			isa = PBXSourcesBuildPhase;
			buildActionMask = 2147483647;
			files = (
				D227665D2ACFF72E000391AD /* animationUITests.swift in Sources */,
			);
			runOnlyForDeploymentPostprocessing = 0;
		};
/* End PBXSourcesBuildPhase section */

/* Begin PBXTargetDependency section */
		D227664F2ACFF72E000391AD /* PBXTargetDependency */ = {
			isa = PBXTargetDependency;
			target = D22766362ACFF72C000391AD /* animation */;
			targetProxy = D227664E2ACFF72E000391AD /* PBXContainerItemProxy */;
		};
		D227665A2ACFF72E000391AD /* PBXTargetDependency */ = {
			isa = PBXTargetDependency;
			target = D22766362ACFF72C000391AD /* animation */;
			targetProxy = D22766592ACFF72E000391AD /* PBXContainerItemProxy */;
		};
/* End PBXTargetDependency section */

/* Begin PBXVariantGroup section */
		D22766402ACFF72C000391AD /* Main.storyboard */ = {
			isa = PBXVariantGroup;
			children = (
				D22766412ACFF72C000391AD /* Base */,
			);
			name = Main.storyboard;
			sourceTree = "<group>";
		};
		D22766452ACFF72E000391AD /* LaunchScreen.storyboard */ = {
			isa = PBXVariantGroup;
			children = (
				D22766462ACFF72E000391AD /* Base */,
			);
			name = LaunchScreen.storyboard;
			sourceTree = "<group>";
		};
/* End PBXVariantGroup section */

/* Begin XCBuildConfiguration section */
		D227665F2ACFF72E000391AD /* Debug */ = {
			isa = XCBuildConfiguration;
			buildSettings = {
				ALWAYS_SEARCH_USER_PATHS = NO;
				CLANG_ANALYZER_NONNULL = YES;
				CLANG_ANALYZER_NUMBER_OBJECT_CONVERSION = YES_AGGRESSIVE;
				CLANG_CXX_LANGUAGE_STANDARD = "gnu++14";
				CLANG_CXX_LIBRARY = "libc++";
				CLANG_ENABLE_MODULES = YES;
				CLANG_ENABLE_OBJC_ARC = YES;
				CLANG_ENABLE_OBJC_WEAK = YES;
				CLANG_WARN_BLOCK_CAPTURE_AUTORELEASING = YES;
				CLANG_WARN_BOOL_CONVERSION = YES;
				CLANG_WARN_COMMA = YES;
				CLANG_WARN_CONSTANT_CONVERSION = YES;
				CLANG_WARN_DEPRECATED_OBJC_IMPLEMENTATIONS = YES;
				CLANG_WARN_DIRECT_OBJC_ISA_USAGE = YES_ERROR;
				CLANG_WARN_DOCUMENTATION_COMMENTS = YES;
				CLANG_WARN_EMPTY_BODY = YES;
				CLANG_WARN_ENUM_CONVERSION = YES;
				CLANG_WARN_INFINITE_RECURSION = YES;
				CLANG_WARN_INT_CONVERSION = YES;
				CLANG_WARN_NON_LITERAL_NULL_CONVERSION = YES;
				CLANG_WARN_OBJC_IMPLICIT_RETAIN_SELF = YES;
				CLANG_WARN_OBJC_LITERAL_CONVERSION = YES;
				CLANG_WARN_OBJC_ROOT_CLASS = YES_ERROR;
				CLANG_WARN_RANGE_LOOP_ANALYSIS = YES;
				CLANG_WARN_STRICT_PROTOTYPES = YES;
				CLANG_WARN_SUSPICIOUS_MOVE = YES;
				CLANG_WARN_UNGUARDED_AVAILABILITY = YES_AGGRESSIVE;
				CLANG_WARN_UNREACHABLE_CODE = YES;
				CLANG_WARN__DUPLICATE_METHOD_MATCH = YES;
				COPY_PHASE_STRIP = NO;
				DEBUG_INFORMATION_FORMAT = dwarf;
				ENABLE_STRICT_OBJC_MSGSEND = YES;
				ENABLE_TESTABILITY = YES;
				GCC_C_LANGUAGE_STANDARD = gnu11;
				GCC_DYNAMIC_NO_PIC = NO;
				GCC_NO_COMMON_BLOCKS = YES;
				GCC_OPTIMIZATION_LEVEL = 0;
				GCC_PREPROCESSOR_DEFINITIONS = (
					"DEBUG=1",
					"$(inherited)",
				);
				GCC_WARN_64_TO_32_BIT_CONVERSION = YES;
				GCC_WARN_ABOUT_RETURN_TYPE = YES_ERROR;
				GCC_WARN_UNDECLARED_SELECTOR = YES;
				GCC_WARN_UNINITIALIZED_AUTOS = YES_AGGRESSIVE;
				GCC_WARN_UNUSED_FUNCTION = YES;
				GCC_WARN_UNUSED_VARIABLE = YES;
				IPHONEOS_DEPLOYMENT_TARGET = 13.2;
				MTL_ENABLE_DEBUG_INFO = INCLUDE_SOURCE;
				MTL_FAST_MATH = YES;
				ONLY_ACTIVE_ARCH = YES;
				SDKROOT = iphoneos;
				SWIFT_ACTIVE_COMPILATION_CONDITIONS = DEBUG;
				SWIFT_OPTIMIZATION_LEVEL = "-Onone";
			};
			name = Debug;
		};
		D22766602ACFF72E000391AD /* Release */ = {
			isa = XCBuildConfiguration;
			buildSettings = {
				ALWAYS_SEARCH_USER_PATHS = NO;
				CLANG_ANALYZER_NONNULL = YES;
				CLANG_ANALYZER_NUMBER_OBJECT_CONVERSION = YES_AGGRESSIVE;
				CLANG_CXX_LANGUAGE_STANDARD = "gnu++14";
				CLANG_CXX_LIBRARY = "libc++";
				CLANG_ENABLE_MODULES = YES;
				CLANG_ENABLE_OBJC_ARC = YES;
				CLANG_ENABLE_OBJC_WEAK = YES;
				CLANG_WARN_BLOCK_CAPTURE_AUTORELEASING = YES;
				CLANG_WARN_BOOL_CONVERSION = YES;
				CLANG_WARN_COMMA = YES;
				CLANG_WARN_CONSTANT_CONVERSION = YES;
				CLANG_WARN_DEPRECATED_OBJC_IMPLEMENTATIONS = YES;
				CLANG_WARN_DIRECT_OBJC_ISA_USAGE = YES_ERROR;
				CLANG_WARN_DOCUMENTATION_COMMENTS = YES;
				CLANG_WARN_EMPTY_BODY = YES;
				CLANG_WARN_ENUM_CONVERSION = YES;
				CLANG_WARN_INFINITE_RECURSION = YES;
				CLANG_WARN_INT_CONVERSION = YES;
				CLANG_WARN_NON_LITERAL_NULL_CONVERSION = YES;
				CLANG_WARN_OBJC_IMPLICIT_RETAIN_SELF = YES;
				CLANG_WARN_OBJC_LITERAL_CONVERSION = YES;
				CLANG_WARN_OBJC_ROOT_CLASS = YES_ERROR;
				CLANG_WARN_RANGE_LOOP_ANALYSIS = YES;
				CLANG_WARN_STRICT_PROTOTYPES = YES;
				CLANG_WARN_SUSPICIOUS_MOVE = YES;
				CLANG_WARN_UNGUARDED_AVAILABILITY = YES_AGGRESSIVE;
				CLANG_WARN_UNREACHABLE_CODE = YES;
				CLANG_WARN__DUPLICATE_METHOD_MATCH = YES;
				COPY_PHASE_STRIP = NO;
				DEBUG_INFORMATION_FORMAT = "dwarf-with-dsym";
				ENABLE_NS_ASSERTIONS = NO;
				ENABLE_STRICT_OBJC_MSGSEND = YES;
				GCC_C_LANGUAGE_STANDARD = gnu11;
				GCC_NO_COMMON_BLOCKS = YES;
				GCC_WARN_64_TO_32_BIT_CONVERSION = YES;
				GCC_WARN_ABOUT_RETURN_TYPE = YES_ERROR;
				GCC_WARN_UNDECLARED_SELECTOR = YES;
				GCC_WARN_UNINITIALIZED_AUTOS = YES_AGGRESSIVE;
				GCC_WARN_UNUSED_FUNCTION = YES;
				GCC_WARN_UNUSED_VARIABLE = YES;
				IPHONEOS_DEPLOYMENT_TARGET = 13.2;
				MTL_ENABLE_DEBUG_INFO = NO;
				MTL_FAST_MATH = YES;
				SDKROOT = iphoneos;
				SWIFT_COMPILATION_MODE = wholemodule;
				SWIFT_OPTIMIZATION_LEVEL = "-O";
				VALIDATE_PRODUCT = YES;
			};
			name = Release;
		};
		D22766622ACFF72E000391AD /* Debug */ = {
			isa = XCBuildConfiguration;
			buildSettings = {
				ASSETCATALOG_COMPILER_APPICON_NAME = AppIcon;
				CODE_SIGN_STYLE = Automatic;
				INFOPLIST_FILE = animation/Info.plist;
				LD_RUNPATH_SEARCH_PATHS = (
					"$(inherited)",
					"@executable_path/Frameworks",
				);
				PRODUCT_BUNDLE_IDENTIFIER = iroid.animation;
				PRODUCT_NAME = "$(TARGET_NAME)";
				SWIFT_VERSION = 5.0;
				TARGETED_DEVICE_FAMILY = "1,2";
			};
			name = Debug;
		};
		D22766632ACFF72E000391AD /* Release */ = {
			isa = XCBuildConfiguration;
			buildSettings = {
				ASSETCATALOG_COMPILER_APPICON_NAME = AppIcon;
				CODE_SIGN_STYLE = Automatic;
				INFOPLIST_FILE = animation/Info.plist;
				LD_RUNPATH_SEARCH_PATHS = (
					"$(inherited)",
					"@executable_path/Frameworks",
				);
				PRODUCT_BUNDLE_IDENTIFIER = iroid.animation;
				PRODUCT_NAME = "$(TARGET_NAME)";
				SWIFT_VERSION = 5.0;
				TARGETED_DEVICE_FAMILY = "1,2";
			};
			name = Release;
		};
		D22766652ACFF72E000391AD /* Debug */ = {
			isa = XCBuildConfiguration;
			buildSettings = {
				ALWAYS_EMBED_SWIFT_STANDARD_LIBRARIES = YES;
				BUNDLE_LOADER = "$(TEST_HOST)";
				CODE_SIGN_STYLE = Automatic;
				INFOPLIST_FILE = animationTests/Info.plist;
				IPHONEOS_DEPLOYMENT_TARGET = 13.2;
				LD_RUNPATH_SEARCH_PATHS = (
					"$(inherited)",
					"@executable_path/Frameworks",
					"@loader_path/Frameworks",
				);
				PRODUCT_BUNDLE_IDENTIFIER = iroid.animationTests;
				PRODUCT_NAME = "$(TARGET_NAME)";
				SWIFT_VERSION = 5.0;
				TARGETED_DEVICE_FAMILY = "1,2";
				TEST_HOST = "$(BUILT_PRODUCTS_DIR)/animation.app/animation";
			};
			name = Debug;
		};
		D22766662ACFF72E000391AD /* Release */ = {
			isa = XCBuildConfiguration;
			buildSettings = {
				ALWAYS_EMBED_SWIFT_STANDARD_LIBRARIES = YES;
				BUNDLE_LOADER = "$(TEST_HOST)";
				CODE_SIGN_STYLE = Automatic;
				INFOPLIST_FILE = animationTests/Info.plist;
				IPHONEOS_DEPLOYMENT_TARGET = 13.2;
				LD_RUNPATH_SEARCH_PATHS = (
					"$(inherited)",
					"@executable_path/Frameworks",
					"@loader_path/Frameworks",
				);
				PRODUCT_BUNDLE_IDENTIFIER = iroid.animationTests;
				PRODUCT_NAME = "$(TARGET_NAME)";
				SWIFT_VERSION = 5.0;
				TARGETED_DEVICE_FAMILY = "1,2";
				TEST_HOST = "$(BUILT_PRODUCTS_DIR)/animation.app/animation";
			};
			name = Release;
		};
		D22766682ACFF72E000391AD /* Debug */ = {
			isa = XCBuildConfiguration;
			buildSettings = {
				ALWAYS_EMBED_SWIFT_STANDARD_LIBRARIES = YES;
				CODE_SIGN_STYLE = Automatic;
				INFOPLIST_FILE = animationUITests/Info.plist;
				LD_RUNPATH_SEARCH_PATHS = (
					"$(inherited)",
					"@executable_path/Frameworks",
					"@loader_path/Frameworks",
				);
				PRODUCT_BUNDLE_IDENTIFIER = iroid.animationUITests;
				PRODUCT_NAME = "$(TARGET_NAME)";
				SWIFT_VERSION = 5.0;
				TARGETED_DEVICE_FAMILY = "1,2";
				TEST_TARGET_NAME = animation;
			};
			name = Debug;
		};
		D22766692ACFF72E000391AD /* Release */ = {
			isa = XCBuildConfiguration;
			buildSettings = {
				ALWAYS_EMBED_SWIFT_STANDARD_LIBRARIES = YES;
				CODE_SIGN_STYLE = Automatic;
				INFOPLIST_FILE = animationUITests/Info.plist;
				LD_RUNPATH_SEARCH_PATHS = (
					"$(inherited)",
					"@executable_path/Frameworks",
					"@loader_path/Frameworks",
				);
				PRODUCT_BUNDLE_IDENTIFIER = iroid.animationUITests;
				PRODUCT_NAME = "$(TARGET_NAME)";
				SWIFT_VERSION = 5.0;
				TARGETED_DEVICE_FAMILY = "1,2";
				TEST_TARGET_NAME = animation;
			};
			name = Release;
		};
/* End XCBuildConfiguration section */

/* Begin XCConfigurationList section */
		D22766322ACFF72B000391AD /* Build configuration list for PBXProject "animation" */ = {
			isa = XCConfigurationList;
			buildConfigurations = (
				D227665F2ACFF72E000391AD /* Debug */,
				D22766602ACFF72E000391AD /* Release */,
			);
			defaultConfigurationIsVisible = 0;
			defaultConfigurationName = Release;
		};
		D22766612ACFF72E000391AD /* Build configuration list for PBXNativeTarget "animation" */ = {
			isa = XCConfigurationList;
			buildConfigurations = (
				D22766622ACFF72E000391AD /* Debug */,
				D22766632ACFF72E000391AD /* Release */,
			);
			defaultConfigurationIsVisible = 0;
			defaultConfigurationName = Release;
		};
		D22766642ACFF72E000391AD /* Build configuration list for PBXNativeTarget "animationTests" */ = {
			isa = XCConfigurationList;
			buildConfigurations = (
				D22766652ACFF72E000391AD /* Debug */,
				D22766662ACFF72E000391AD /* Release */,
			);
			defaultConfigurationIsVisible = 0;
			defaultConfigurationName = Release;
		};
		D22766672ACFF72E000391AD /* Build configuration list for PBXNativeTarget "animationUITests" */ = {
			isa = XCConfigurationList;
			buildConfigurations = (
				D22766682ACFF72E000391AD /* Debug */,
				D22766692ACFF72E000391AD /* Release */,
			);
			defaultConfigurationIsVisible = 0;
			defaultConfigurationName = Release;
		};
/* End XCConfigurationList section */
	};
	rootObject = D227662F2ACFF72B000391AD /* Project object */;
}
